{
  "name": "kram",
  "version": "2.0.0",
  "lockfileVersion": 1,
  "requires": true,
  "dependencies": {
    "tapable": {
      "version": "2.0.0-beta.2",
      "resolved": "http://registry.npm.taobao.org/tapable/download/tapable-2.0.0-beta.2.tgz",
      "integrity": "sha1-oSqExhdwq4U2q/iuPv7hCDkKs6I="
    }
  }
}
